
Microsoft Visual Studio Solution File, Format Version 12.00
# Visual Studio Version 16
VisualStudioVersion = 16.0.31112.23
MinimumVisualStudioVersion = 10.0.40219.1
Project("{9A19103F-16F7-4668-BE54-9A1E7A4F7556}") = "Gallimimus", "Gallimimus\Gallimimus.csproj", "{52B566E4-901B-4550-848F-F49E3110D57E}"
EndProject
Project("{9A19103F-16F7-4668-BE54-9A1E7A4F7556}") = "Newtonsoft.Json", "C:\Users\Suman\Downloads\Compressed\Newtonsoft.Json-master\Src\Newtonsoft.Json\Newtonsoft.Json.csproj", "{97D63D50-6199-4712-A309-F1C0DF66A95B}"
EndProject
Global
	GlobalSection(SolutionConfigurationPlatforms) = preSolution
		Debug|Any CPU = Debug|Any CPU
		Release|Any CPU = Release|Any CPU
	EndGlobalSection
	GlobalSection(ProjectConfigurationPlatforms) = postSolution
		{52B566E4-901B-4550-848F-F49E3110D57E}.Debug|Any CPU.ActiveCfg = Debug|Any CPU
		{52B566E4-901B-4550-848F-F49E3110D57E}.Debug|Any CPU.Build.0 = Debug|Any CPU
		{52B566E4-901B-4550-848F-F49E3110D57E}.Release|Any CPU.ActiveCfg = Release|Any CPU
		{52B566E4-901B-4550-848F-F49E3110D57E}.Release|Any CPU.Build.0 = Release|Any CPU
		{97D63D50-6199-4712-A309-F1C0DF66A95B}.Debug|Any CPU.ActiveCfg = Debug|Any CPU
		{97D63D50-6199-4712-A309-F1C0DF66A95B}.Debug|Any CPU.Build.0 = Debug|Any CPU
		{97D63D50-6199-4712-A309-F1C0DF66A95B}.Release|Any CPU.ActiveCfg = Release|Any CPU
		{97D63D50-6199-4712-A309-F1C0DF66A95B}.Release|Any CPU.Build.0 = Release|Any CPU
	EndGlobalSection
	GlobalSection(SolutionProperties) = preSolution
		HideSolutionNode = FALSE
	EndGlobalSection
	GlobalSection(ExtensibilityGlobals) = postSolution
		SolutionGuid = {B1EC6C3A-8C24-44BC-AC81-3ACF5DC73C13}
	EndGlobalSection
EndGlobal
